// !$*UTF8*$!
{
	archiveVersion = 1;
	classes = {
	};
	objectVersion = 48;
	objects = {

/* Begin PBXBuildFile section */
		C474D8B71F1569B40096BB1E /* AppDelegate.swift in Sources */ = {isa = PBXBuildFile; fileRef = C474D8B61F1569B40096BB1E /* AppDelegate.swift */; };
		C474D8B91F1569B40096BB1E /* ViewController.swift in Sources */ = {isa = PBXBuildFile; fileRef = C474D8B81F1569B40096BB1E /* ViewController.swift */; };
		C474D8BC1F1569B40096BB1E /* Main.storyboard in Resources */ = {isa = PBXBuildFile; fileRef = C474D8BA1F1569B40096BB1E /* Main.storyboard */; };
		C474D8C11F1569B40096BB1E /* Assets.xcassets in Resources */ = {isa = PBXBuildFile; fileRef = C474D8C01F1569B40096BB1E /* Assets.xcassets */; };
		C474D8C41F1569B40096BB1E /* LaunchScreen.storyboard in Resources */ = {isa = PBXBuildFile; fileRef = C474D8C21F1569B40096BB1E /* LaunchScreen.storyboard */; };
/* End PBXBuildFile section */

/* Begin PBXFileReference section */
		C474D8B31F1569B40096BB1E /* PlaygroundCoreDataApp.app */ = {isa = PBXFileReference; explicitFileType = wrapper.application; includeInIndex = 0; path = PlaygroundCoreDataApp.app; sourceTree = BUILT_PRODUCTS_DIR; };
		C474D8B61F1569B40096BB1E /* AppDelegate.swift */ = {isa = PBXFileReference; lastKnownFileType = sourcecode.swift; path = AppDelegate.swift; sourceTree = "<group>"; };
		C474D8B81F1569B40096BB1E /* ViewController.swift */ = {isa = PBXFileReference; lastKnownFileType = sourcecode.swift; path = ViewController.swift; sourceTree = "<group>"; };
		C474D8BB1F1569B40096BB1E /* Base */ = {isa = PBXFileReference; lastKnownFileType = file.storyboard; name = Base; path = Base.lproj/Main.storyboard; sourceTree = "<group>"; };
		C474D8C01F1569B40096BB1E /* Assets.xcassets */ = {isa = PBXFileReference; lastKnownFileType = folder.assetcatalog; path = Assets.xcassets; sourceTree = "<group>"; };
		C474D8C31F1569B40096BB1E /* Base */ = {isa = PBXFileReference; lastKnownFileType = file.storyboard; name = Base; path = Base.lproj/LaunchScreen.storyboard; sourceTree = "<group>"; };
		C474D8C51F1569B40096BB1E /* Info.plist */ = {isa = PBXFileReference; lastKnownFileType = text.plist.xml; path = Info.plist; sourceTree = "<group>"; };
		C483ADA91F156BB600975032 /* Playground.playground */ = {isa = PBXFileReference; lastKnownFileType = file.playground; path = Playground.playground; sourceTree = "<group>"; xcLanguageSpecificationIdentifier = xcode.lang.swift; };
		C483ADAB1F156D8400975032 /* PlaygroundCoreDataApp.xcdatamodel */ = {isa = PBXFileReference; lastKnownFileType = wrapper.xcdatamodel; path = PlaygroundCoreDataApp.xcdatamodel; sourceTree = "<group>"; };
/* End PBXFileReference section */

/* Begin PBXFrameworksBuildPhase section */
		C474D8B01F1569B40096BB1E /* Frameworks */ = {
			isa = PBXFrameworksBuildPhase;
			buildActionMask = 2147483647;
			files = (
			);
			runOnlyForDeploymentPostprocessing = 0;
		};
/* End PBXFrameworksBuildPhase section */

/* Begin PBXGroup section */
		C474D8AA1F1569B40096BB1E = {
			isa = PBXGroup;
			children = (
				C483ADA91F156BB600975032 /* Playground.playground */,
				C474D8B51F1569B40096BB1E /* PlaygroundCoreDataApp */,
				C474D8B41F1569B40096BB1E /* Products */,
			);
			sourceTree = "<group>";
		};
		C474D8B41F1569B40096BB1E /* Products */ = {
			isa = PBXGroup;
			children = (
				C474D8B31F1569B40096BB1E /* PlaygroundCoreDataApp.app */,
			);
			name = Products;
			sourceTree = "<group>";
		};
		C474D8B51F1569B40096BB1E /* PlaygroundCoreDataApp */ = {
			isa = PBXGroup;
			children = (
				C474D8B61F1569B40096BB1E /* AppDelegate.swift */,
				C474D8B81F1569B40096BB1E /* ViewController.swift */,
				C474D8BA1F1569B40096BB1E /* Main.storyboard */,
				C474D8C01F1569B40096BB1E /* Assets.xcassets */,
				C474D8C21F1569B40096BB1E /* LaunchScreen.storyboard */,
				C474D8C51F1569B40096BB1E /* Info.plist */,
				C483ADAA1F156D8400975032 /* PlaygroundCoreDataApp.xcdatamodeld */,
			);
			path = PlaygroundCoreDataApp;
			sourceTree = "<group>";
		};
/* End PBXGroup section */

/* Begin PBXNativeTarget section */
		C474D8B21F1569B40096BB1E /* PlaygroundCoreDataApp */ = {
			isa = PBXNativeTarget;
			buildConfigurationList = C474D8C81F1569B40096BB1E /* Build configuration list for PBXNativeTarget "PlaygroundCoreDataApp" */;
			buildPhases = (
				C474D8AF1F1569B40096BB1E /* Sources */,
				C474D8B01F1569B40096BB1E /* Frameworks */,
				C474D8B11F1569B40096BB1E /* Resources */,
			);
			buildRules = (
			);
			dependencies = (
			);
			name = PlaygroundCoreDataApp;
			productName = PlaygroundCoreDataApp;
			productReference = C474D8B31F1569B40096BB1E /* PlaygroundCoreDataApp.app */;
			productType = "com.apple.product-type.application";
		};
/* End PBXNativeTarget section */

/* Begin PBXProject section */
		C474D8AB1F1569B40096BB1E /* Project object */ = {
			isa = PBXProject;
			attributes = {
				LastSwiftUpdateCheck = 0900;
				LastUpgradeCheck = 0900;
				ORGANIZATIONNAME = "Austin Chen";
				TargetAttributes = {
					C474D8B21F1569B40096BB1E = {
						CreatedOnToolsVersion = 9.0;
					};
				};
			};
			buildConfigurationList = C474D8AE1F1569B40096BB1E /* Build configuration list for PBXProject "PlaygroundCoreDataApp" */;
			compatibilityVersion = "Xcode 8.0";
			developmentRegion = en;
			hasScannedForEncodings = 0;
			knownRegions = (
				en,
				Base,
			);
			mainGroup = C474D8AA1F1569B40096BB1E;
			productRefGroup = C474D8B41F1569B40096BB1E /* Products */;
			projectDirPath = "";
			projectRoot = "";
			targets = (
				C474D8B21F1569B40096BB1E /* PlaygroundCoreDataApp */,
			);
		};
/* End PBXProject section */

/* Begin PBXResourcesBuildPhase section */
		C474D8B11F1569B40096BB1E /* Resources */ = {
			isa = PBXResourcesBuildPhase;
			buildActionMask = 2147483647;
			files = (
				C474D8C41F1569B40096BB1E /* LaunchScreen.storyboard in Resources */,
				C474D8C11F1569B40096BB1E /* Assets.xcassets in Resources */,
				C474D8BC1F1569B40096BB1E /* Main.storyboard in Resources */,
			);
			runOnlyForDeploymentPostprocessing = 0;
		};
/* End PBXResourcesBuildPhase section */

/* Begin PBXSourcesBuildPhase section */
		C474D8AF1F1569B40096BB1E /* Sources */ = {
			isa = PBXSourcesBuildPhase;
			buildActionMask = 2147483647;
			files = (
				C474D8B91F1569B40096BB1E /* ViewController.swift in Sources */,
				C474D8B71F1569B40096BB1E /* AppDelegate.swift in Sources */,
			);
			runOnlyForDeploymentPostprocessing = 0;
		};
/* End PBXSourcesBuildPhase section */

/* Begin PBXVariantGroup section */
		C474D8BA1F1569B40096BB1E /* Main.storyboard */ = {
			isa = PBXVariantGroup;
			children = (
				C474D8BB1F1569B40096BB1E /* Base */,
			);
			name = Main.storyboard;
			sourceTree = "<group>";
		};
		C474D8C21F1569B40096BB1E /* LaunchScreen.storyboard */ = {
			isa = PBXVariantGroup;
			children = (
				C474D8C31F1569B40096BB1E /* Base */,
			);
			name = LaunchScreen.storyboard;
			sourceTree = "<group>";
		};
/* End PBXVariantGroup section */

/* Begin XCBuildConfiguration section */
		C474D8C61F1569B40096BB1E /* Debug */ = {
			isa = XCBuildConfiguration;
			buildSettings = {
				ALWAYS_SEARCH_USER_PATHS = NO;
				CLANG_ANALYZER_NONNULL = YES;
				CLANG_ANALYZER_NUMBER_OBJECT_CONVERSION = YES_AGGRESSIVE;
				CLANG_CXX_LANGUAGE_STANDARD = "gnu++14";
				CLANG_CXX_LIBRARY = "libc++";
				CLANG_ENABLE_MODULES = YES;
				CLANG_ENABLE_OBJC_ARC = YES;
				CLANG_WARN_BLOCK_CAPTURE_AUTORELEASING = YES;
				CLANG_WARN_BOOL_CONVERSION = YES;
				CLANG_WARN_COMMA = YES;
				CLANG_WARN_CONSTANT_CONVERSION = YES;
				CLANG_WARN_DIRECT_OBJC_ISA_USAGE = YES_ERROR;
				CLANG_WARN_DOCUMENTATION_COMMENTS = YES;
				CLANG_WARN_EMPTY_BODY = YES;
				CLANG_WARN_ENUM_CONVERSION = YES;
				CLANG_WARN_INFINITE_RECURSION = YES;
				CLANG_WARN_INT_CONVERSION = YES;
				CLANG_WARN_NON_LITERAL_NULL_CONVERSION = YES;
				CLANG_WARN_OBJC_LITERAL_CONVERSION = YES;
				CLANG_WARN_OBJC_ROOT_CLASS = YES_ERROR;
				CLANG_WARN_RANGE_LOOP_ANALYSIS = YES;
				CLANG_WARN_STRICT_PROTOTYPES = YES;
				CLANG_WARN_SUSPICIOUS_MOVE = YES;
				CLANG_WARN_UNGUARDED_AVAILABILITY = YES_AGGRESSIVE;
				CLANG_WARN_UNREACHABLE_CODE = YES;
				CLANG_WARN__DUPLICATE_METHOD_MATCH = YES;
				CODE_SIGN_IDENTITY = "iPhone Developer";
				COPY_PHASE_STRIP = NO;
				DEBUG_INFORMATION_FORMAT = dwarf;
				ENABLE_STRICT_OBJC_MSGSEND = YES;
				ENABLE_TESTABILITY = YES;
				GCC_C_LANGUAGE_STANDARD = gnu11;
				GCC_DYNAMIC_NO_PIC = NO;
				GCC_NO_COMMON_BLOCKS = YES;
				GCC_OPTIMIZATION_LEVEL = 0;
				GCC_PREPROCESSOR_DEFINITIONS = (
					"DEBUG=1",
					"$(inherited)",
				);
				GCC_WARN_64_TO_32_BIT_CONVERSION = YES;
				GCC_WARN_ABOUT_RETURN_TYPE = YES_ERROR;
				GCC_WARN_UNDECLARED_SELECTOR = YES;
				GCC_WARN_UNINITIALIZED_AUTOS = YES_AGGRESSIVE;
				GCC_WARN_UNUSED_FUNCTION = YES;
				GCC_WARN_UNUSED_VARIABLE = YES;
				IPHONEOS_DEPLOYMENT_TARGET = 11.0;
				MTL_ENABLE_DEBUG_INFO = YES;
				ONLY_ACTIVE_ARCH = YES;
				SDKROOT = iphoneos;
				SWIFT_ACTIVE_COMPILATION_CONDITIONS = DEBUG;
				SWIFT_OPTIMIZATION_LEVEL = "-Onone";
			};
			name = Debug;
		};
		C474D8C71F1569B40096BB1E /* Release */ = {
			isa = XCBuildConfiguration;
			buildSettings = {
				ALWAYS_SEARCH_USER_PATHS = NO;
				CLANG_ANALYZER_NONNULL = YES;
				CLANG_ANALYZER_NUMBER_OBJECT_CONVERSION = YES_AGGRESSIVE;
				CLANG_CXX_LANGUAGE_STANDARD = "gnu++14";
				CLANG_CXX_LIBRARY = "libc++";
				CLANG_ENABLE_MODULES = YES;
				CLANG_ENABLE_OBJC_ARC = YES;
				CLANG_WARN_BLOCK_CAPTURE_AUTORELEASING = YES;
				CLANG_WARN_BOOL_CONVERSION = YES;
				CLANG_WARN_COMMA = YES;
				CLANG_WARN_CONSTANT_CONVERSION = YES;
				CLANG_WARN_DIRECT_OBJC_ISA_USAGE = YES_ERROR;
				CLANG_WARN_DOCUMENTATION_COMMENTS = YES;
				CLANG_WARN_EMPTY_BODY = YES;
				CLANG_WARN_ENUM_CONVERSION = YES;
				CLANG_WARN_INFINITE_RECURSION = YES;
				CLANG_WARN_INT_CONVERSION = YES;
				CLANG_WARN_NON_LITERAL_NULL_CONVERSION = YES;
				CLANG_WARN_OBJC_LITERAL_CONVERSION = YES;
				CLANG_WARN_OBJC_ROOT_CLASS = YES_ERROR;
				CLANG_WARN_RANGE_LOOP_ANALYSIS = YES;
				CLANG_WARN_STRICT_PROTOTYPES = YES;
				CLANG_WARN_SUSPICIOUS_MOVE = YES;
				CLANG_WARN_UNGUARDED_AVAILABILITY = YES_AGGRESSIVE;
				CLANG_WARN_UNREACHABLE_CODE = YES;
				CLANG_WARN__DUPLICATE_METHOD_MATCH = YES;
				CODE_SIGN_IDENTITY = "iPhone Developer";
				COPY_PHASE_STRIP = NO;
				DEBUG_INFORMATION_FORMAT = "dwarf-with-dsym";
				ENABLE_NS_ASSERTIONS = NO;
				ENABLE_STRICT_OBJC_MSGSEND = YES;
				GCC_C_LANGUAGE_STANDARD = gnu11;
				GCC_NO_COMMON_BLOCKS = YES;
				GCC_WARN_64_TO_32_BIT_CONVERSION = YES;
				GCC_WARN_ABOUT_RETURN_TYPE = YES_ERROR;
				GCC_WARN_UNDECLARED_SELECTOR = YES;
				GCC_WARN_UNINITIALIZED_AUTOS = YES_AGGRESSIVE;
				GCC_WARN_UNUSED_FUNCTION = YES;
				GCC_WARN_UNUSED_VARIABLE = YES;
				IPHONEOS_DEPLOYMENT_TARGET = 11.0;
				MTL_ENABLE_DEBUG_INFO = NO;
				SDKROOT = iphoneos;
				SWIFT_OPTIMIZATION_LEVEL = "-Owholemodule";
				VALIDATE_PRODUCT = YES;
			};
			name = Release;
		};
		C474D8C91F1569B40096BB1E /* Debug */ = {
			isa = XCBuildConfiguration;
			buildSettings = {
				ASSETCATALOG_COMPILER_APPICON_NAME = AppIcon;
				DEVELOPMENT_TEAM = 7Q7UNR5BC9;
				INFOPLIST_FILE = PlaygroundCoreDataApp/Info.plist;
				IPHONEOS_DEPLOYMENT_TARGET = 11.0;
				LD_RUNPATH_SEARCH_PATHS = "$(inherited) @executable_path/Frameworks";
				PRODUCT_BUNDLE_IDENTIFIER = com.austin.PlaygroundCoreDataApp;
				PRODUCT_NAME = "$(TARGET_NAME)";
				SWIFT_VERSION = 4.0;
				TARGETED_DEVICE_FAMILY = "1,2";
			};
			name = Debug;
		};
		C474D8CA1F1569B40096BB1E /* Release */ = {
			isa = XCBuildConfiguration;
			buildSettings = {
				ASSETCATALOG_COMPILER_APPICON_NAME = AppIcon;
				DEVELOPMENT_TEAM = 7Q7UNR5BC9;
				INFOPLIST_FILE = PlaygroundCoreDataApp/Info.plist;
				IPHONEOS_DEPLOYMENT_TARGET = 11.0;
				LD_RUNPATH_SEARCH_PATHS = "$(inherited) @executable_path/Frameworks";
				PRODUCT_BUNDLE_IDENTIFIER = com.austin.PlaygroundCoreDataApp;
				PRODUCT_NAME = "$(TARGET_NAME)";
				SWIFT_VERSION = 4.0;
				TARGETED_DEVICE_FAMILY = "1,2";
			};
			name = Release;
		};
/* End XCBuildConfiguration section */

/* Begin XCConfigurationList section */
		C474D8AE1F1569B40096BB1E /* Build configuration list for PBXProject "PlaygroundCoreDataApp" */ = {
			isa = XCConfigurationList;
			buildConfigurations = (
				C474D8C61F1569B40096BB1E /* Debug */,
				C474D8C71F1569B40096BB1E /* Release */,
			);
			defaultConfigurationIsVisible = 0;
			defaultConfigurationName = Release;
		};
		C474D8C81F1569B40096BB1E /* Build configuration list for PBXNativeTarget "PlaygroundCoreDataApp" */ = {
			isa = XCConfigurationList;
			buildConfigurations = (
				C474D8C91F1569B40096BB1E /* Debug */,
				C474D8CA1F1569B40096BB1E /* Release */,
			);
			defaultConfigurationIsVisible = 0;
			defaultConfigurationName = Release;
		};
/* End XCConfigurationList section */

/* Begin XCVersionGroup section */
		C483ADAA1F156D8400975032 /* PlaygroundCoreDataApp.xcdatamodeld */ = {
			isa = XCVersionGroup;
			children = (
				C483ADAB1F156D8400975032 /* PlaygroundCoreDataApp.xcdatamodel */,
			);
			currentVersion = C483ADAB1F156D8400975032 /* PlaygroundCoreDataApp.xcdatamodel */;
			path = PlaygroundCoreDataApp.xcdatamodeld;
			sourceTree = "<group>";
			versionGroupType = wrapper.xcdatamodel;
		};
/* End XCVersionGroup section */
	};
	rootObject = C474D8AB1F1569B40096BB1E /* Project object */;
}
